# This file is automatically @generated by Cargo.
# It is not intended for manual editing.
version = 4

[[package]]
name = "bitflags"
version = "0.1.1"
source = "registry+https://github.com/rust-lang/crates.io-index"
checksum = "2a6577517ecd0ee0934f48a7295a89aaef3e6dfafeac404f94c0b3448518ddfe"

[[package]]
name = "libc"
version = "0.1.12"
source = "registry+https://github.com/rust-lang/crates.io-index"
checksum = "e32a70cf75e5846d53a673923498228bbec6a8624708a9ea5645f075d6276122"

[[package]]
name = "libc"
version = "0.2.182"
source = "registry+https://github.com/rust-lang/crates.io-index"
checksum = "6800badb6cb2082ffd7b6a67e6125bb39f18782f793520caee8cb8846be06112"

[[package]]
name = "nix"
version = "0.3.10"
source = "registry+https://github.com/rust-lang/crates.io-index"
checksum = "4762dd6918cf86f2a8dd0b08fca650541493ac109c8a6dd2bcfc3337625838eb"
dependencies = [
 "bitflags",
 "libc 0.1.12",
]

[[package]]
name = "process-api-5-1"
version = "0.1.0"
dependencies = [
 "libc 0.2.182",
 "nix",
]
